
Microsoft Visual Studio Solution File, Format Version 12.00
# Visual Studio Version 16
VisualStudioVersion = 16.0.30225.117
MinimumVisualStudioVersion = 10.0.40219.1
Project("{FAE04EC0-301F-11D3-BF4B-00C04F79EFBC}") = "1 zadanie", "1 zadanie\1 zadanie.csproj", "{E4A4F06B-5C25-4123-85A9-C262453CC7CA}"
EndProject
Global
	GlobalSection(SolutionConfigurationPlatforms) = preSolution
		Debug|Any CPU = Debug|Any CPU
		Release|Any CPU = Release|Any CPU
	EndGlobalSection
	GlobalSection(ProjectConfigurationPlatforms) = postSolution
		{E4A4F06B-5C25-4123-85A9-C262453CC7CA}.Debug|Any CPU.ActiveCfg = Debug|Any CPU
		{E4A4F06B-5C25-4123-85A9-C262453CC7CA}.Debug|Any CPU.Build.0 = Debug|Any CPU
		{E4A4F06B-5C25-4123-85A9-C262453CC7CA}.Release|Any CPU.ActiveCfg = Release|Any CPU
		{E4A4F06B-5C25-4123-85A9-C262453CC7CA}.Release|Any CPU.Build.0 = Release|Any CPU
	EndGlobalSection
	GlobalSection(SolutionProperties) = preSolution
		HideSolutionNode = FALSE
	EndGlobalSection
	GlobalSection(ExtensibilityGlobals) = postSolution
		SolutionGuid = {B7712345-E87F-4646-80EA-AC82A64E2F9B}
	EndGlobalSection
EndGlobal
